
Microsoft Visual Studio Solution File, Format Version 12.00
# Visual Studio 15
VisualStudioVersion = 15.0.27428.2015
MinimumVisualStudioVersion = 10.0.40219.1
Project("{FAE04EC0-301F-11D3-BF4B-00C04F79EFBC}") = "BonusLab", "BonusLab\BonusLab.csproj", "{0CE8BC88-52E5-4750-AB11-B4361F23CDD0}"
EndProject
Global
	GlobalSection(SolutionConfigurationPlatforms) = preSolution
		Debug|Any CPU = Debug|Any CPU
		Release|Any CPU = Release|Any CPU
	EndGlobalSection
	GlobalSection(ProjectConfigurationPlatforms) = postSolution
		{0CE8BC88-52E5-4750-AB11-B4361F23CDD0}.Debug|Any CPU.ActiveCfg = Debug|Any CPU
		{0CE8BC88-52E5-4750-AB11-B4361F23CDD0}.Debug|Any CPU.Build.0 = Debug|Any CPU
		{0CE8BC88-52E5-4750-AB11-B4361F23CDD0}.Release|Any CPU.ActiveCfg = Release|Any CPU
		{0CE8BC88-52E5-4750-AB11-B4361F23CDD0}.Release|Any CPU.Build.0 = Release|Any CPU
	EndGlobalSection
	GlobalSection(SolutionProperties) = preSolution
		HideSolutionNode = FALSE
	EndGlobalSection
	GlobalSection(ExtensibilityGlobals) = postSolution
		SolutionGuid = {5E9B6189-7B48-4C37-BD62-6D4C564F6394}
	EndGlobalSection
EndGlobal
